{
  "name": "wobserver-test",
  "version": "0.0.2",
  "lockfileVersion": 1,
  "requires": true,
  "dependencies": {
    "@observertc/observer-lib": {
      "version": "0.2.1",
      "resolved": "https://npm.pkg.github.com/download/@observertc/observer-lib/0.2.1/4b1c15f0176f669558df8d5f965888dc1457dfe341275b4cece6ddc127d90348",
      "integrity": "sha512-Rf5xgQrPMi9pPtAmndCoVLyOSEn6UWk7LhX0OI5vsuRAnXRnwLvwtijpcPq/AnVqfnTTwzL+i1Ah0WW6MTsh2A=="
    }
  }
}
